
Microsoft Visual Studio Solution File, Format Version 12.00
# Visual Studio Version 16
VisualStudioVersion = 16.0.29306.81
MinimumVisualStudioVersion = 10.0.40219.1
Project("{FAE04EC0-301F-11D3-BF4B-00C04F79EFBC}") = "tändstickspel", "tändstickspel\tändstickspel.csproj", "{74E8FD67-52FA-4BF6-8A43-85CB79146350}"
EndProject
Global
	GlobalSection(SolutionConfigurationPlatforms) = preSolution
		Debug|Any CPU = Debug|Any CPU
		Release|Any CPU = Release|Any CPU
	EndGlobalSection
	GlobalSection(ProjectConfigurationPlatforms) = postSolution
		{74E8FD67-52FA-4BF6-8A43-85CB79146350}.Debug|Any CPU.ActiveCfg = Debug|Any CPU
		{74E8FD67-52FA-4BF6-8A43-85CB79146350}.Debug|Any CPU.Build.0 = Debug|Any CPU
		{74E8FD67-52FA-4BF6-8A43-85CB79146350}.Release|Any CPU.ActiveCfg = Release|Any CPU
		{74E8FD67-52FA-4BF6-8A43-85CB79146350}.Release|Any CPU.Build.0 = Release|Any CPU
	EndGlobalSection
	GlobalSection(SolutionProperties) = preSolution
		HideSolutionNode = FALSE
	EndGlobalSection
	GlobalSection(ExtensibilityGlobals) = postSolution
		SolutionGuid = {8D91F170-949A-4691-BE31-8BE9BE4467B4}
	EndGlobalSection
EndGlobal
